// !$*UTF8*$!
{
	archiveVersion = 1;
	classes = {
	};
	objectVersion = 77;
	objects = {

/* Begin PBXBuildFile section */
		032903652EAC0D6700B08713 /* Characters.swift in Sources */ = {isa = PBXBuildFile; fileRef = 032903642EAC0D6700B08713 /* Characters.swift */; };
		032903672EAC0FB200B08713 /* RMService.swift in Sources */ = {isa = PBXBuildFile; fileRef = 032903662EAC0FB200B08713 /* RMService.swift */; };
		032903692EAC136800B08713 /* CharacterRepository.swift in Sources */ = {isa = PBXBuildFile; fileRef = 032903682EAC136800B08713 /* CharacterRepository.swift */; };
		0329036D2EAC17EE00B08713 /* PreviewCharactersPreviewData.swift in Sources */ = {isa = PBXBuildFile; fileRef = 0329036C2EAC17EE00B08713 /* PreviewCharactersPreviewData.swift */; };
		034F60CE2EAB6752009E9EEB /* ContentView.swift in Sources */ = {isa = PBXBuildFile; fileRef = 034F60CB2EAB6752009E9EEB /* ContentView.swift */; };
		034F60CF2EAB6752009E9EEB /* RickAndMortySwiftUIApp.swift in Sources */ = {isa = PBXBuildFile; fileRef = 034F60CC2EAB6752009E9EEB /* RickAndMortySwiftUIApp.swift */; };
		034F60D02EAB6752009E9EEB /* Assets.xcassets in Resources */ = {isa = PBXBuildFile; fileRef = 034F60CA2EAB6752009E9EEB /* Assets.xcassets */; };
/* End PBXBuildFile section */

/* Begin PBXFileReference section */
		032903642EAC0D6700B08713 /* Characters.swift */ = {isa = PBXFileReference; lastKnownFileType = sourcecode.swift; path = Characters.swift; sourceTree = "<group>"; };
		032903662EAC0FB200B08713 /* RMService.swift */ = {isa = PBXFileReference; lastKnownFileType = sourcecode.swift; path = RMService.swift; sourceTree = "<group>"; };
		032903682EAC136800B08713 /* CharacterRepository.swift */ = {isa = PBXFileReference; lastKnownFileType = sourcecode.swift; path = CharacterRepository.swift; sourceTree = "<group>"; };
		0329036C2EAC17EE00B08713 /* PreviewCharactersPreviewData.swift */ = {isa = PBXFileReference; lastKnownFileType = sourcecode.swift; path = PreviewCharactersPreviewData.swift; sourceTree = "<group>"; };
		034F60CA2EAB6752009E9EEB /* Assets.xcassets */ = {isa = PBXFileReference; lastKnownFileType = folder.assetcatalog; path = Assets.xcassets; sourceTree = "<group>"; };
		034F60CB2EAB6752009E9EEB /* ContentView.swift */ = {isa = PBXFileReference; lastKnownFileType = sourcecode.swift; path = ContentView.swift; sourceTree = "<group>"; };
		034F60CC2EAB6752009E9EEB /* RickAndMortySwiftUIApp.swift */ = {isa = PBXFileReference; lastKnownFileType = sourcecode.swift; path = RickAndMortySwiftUIApp.swift; sourceTree = "<group>"; };
		03A403C02EA6540F002DC443 /* RickAndMortySwiftUI.app */ = {isa = PBXFileReference; explicitFileType = wrapper.application; includeInIndex = 0; path = RickAndMortySwiftUI.app; sourceTree = BUILT_PRODUCTS_DIR; };
/* End PBXFileReference section */

/* Begin PBXFrameworksBuildPhase section */
		03A403BD2EA6540F002DC443 /* Frameworks */ = {
			isa = PBXFrameworksBuildPhase;
			buildActionMask = 2147483647;
			files = (
			);
			runOnlyForDeploymentPostprocessing = 0;
		};
/* End PBXFrameworksBuildPhase section */

/* Begin PBXGroup section */
		0329036A2EAC17D200B08713 /* Characters */ = {
			isa = PBXGroup;
			children = (
				0329036B2EAC17DA00B08713 /* PreviewData */,
			);
			path = Characters;
			sourceTree = "<group>";
		};
		0329036B2EAC17DA00B08713 /* PreviewData */ = {
			isa = PBXGroup;
			children = (
				0329036C2EAC17EE00B08713 /* PreviewCharactersPreviewData.swift */,
			);
			path = PreviewData;
			sourceTree = "<group>";
		};
		034F60CD2EAB6752009E9EEB /* RickAndMortySwiftUI */ = {
			isa = PBXGroup;
			children = (
				034F60D12EAB6756009E9EEB /* Core */,
				034F60D22EAB675C009E9EEB /* Features */,
				034F60CA2EAB6752009E9EEB /* Assets.xcassets */,
				034F60CB2EAB6752009E9EEB /* ContentView.swift */,
				034F60CC2EAB6752009E9EEB /* RickAndMortySwiftUIApp.swift */,
			);
			path = RickAndMortySwiftUI;
			sourceTree = "<group>";
		};
		034F60D12EAB6756009E9EEB /* Core */ = {
			isa = PBXGroup;
			children = (
				034F60D32EAB6776009E9EEB /* Models */,
				034F60D42EAB677B009E9EEB /* Networking */,
				034F60D52EAB6784009E9EEB /* Data */,
			);
			path = Core;
			sourceTree = "<group>";
		};
		034F60D22EAB675C009E9EEB /* Features */ = {
			isa = PBXGroup;
			children = (
				0329036A2EAC17D200B08713 /* Characters */,
			);
			path = Features;
			sourceTree = "<group>";
		};
		034F60D32EAB6776009E9EEB /* Models */ = {
			isa = PBXGroup;
			children = (
				032903642EAC0D6700B08713 /* Characters.swift */,
			);
			path = Models;
			sourceTree = "<group>";
		};
		034F60D42EAB677B009E9EEB /* Networking */ = {
			isa = PBXGroup;
			children = (
				032903662EAC0FB200B08713 /* RMService.swift */,
			);
			path = Networking;
			sourceTree = "<group>";
		};
		034F60D52EAB6784009E9EEB /* Data */ = {
			isa = PBXGroup;
			children = (
				032903682EAC136800B08713 /* CharacterRepository.swift */,
			);
			path = Data;
			sourceTree = "<group>";
		};
		03A403B72EA6540F002DC443 = {
			isa = PBXGroup;
			children = (
				034F60CD2EAB6752009E9EEB /* RickAndMortySwiftUI */,
				03A403C12EA6540F002DC443 /* Products */,
			);
			sourceTree = "<group>";
		};
		03A403C12EA6540F002DC443 /* Products */ = {
			isa = PBXGroup;
			children = (
				03A403C02EA6540F002DC443 /* RickAndMortySwiftUI.app */,
			);
			name = Products;
			sourceTree = "<group>";
		};
/* End PBXGroup section */

/* Begin PBXNativeTarget section */
		03A403BF2EA6540F002DC443 /* RickAndMortySwiftUI */ = {
			isa = PBXNativeTarget;
			buildConfigurationList = 03A403CB2EA65410002DC443 /* Build configuration list for PBXNativeTarget "RickAndMortySwiftUI" */;
			buildPhases = (
				03A403BC2EA6540F002DC443 /* Sources */,
				03A403BD2EA6540F002DC443 /* Frameworks */,
				03A403BE2EA6540F002DC443 /* Resources */,
			);
			buildRules = (
			);
			dependencies = (
			);
			name = RickAndMortySwiftUI;
			packageProductDependencies = (
			);
			productName = RickAndMortySwiftUI;
			productReference = 03A403C02EA6540F002DC443 /* RickAndMortySwiftUI.app */;
			productType = "com.apple.product-type.application";
		};
/* End PBXNativeTarget section */

/* Begin PBXProject section */
		03A403B82EA6540F002DC443 /* Project object */ = {
			isa = PBXProject;
			attributes = {
				BuildIndependentTargetsInParallel = 1;
				LastSwiftUpdateCheck = 2600;
				LastUpgradeCheck = 2600;
				TargetAttributes = {
					03A403BF2EA6540F002DC443 = {
						CreatedOnToolsVersion = 26.0.1;
					};
				};
			};
			buildConfigurationList = 03A403BB2EA6540F002DC443 /* Build configuration list for PBXProject "RickAndMortySwiftUI" */;
			developmentRegion = en;
			hasScannedForEncodings = 0;
			knownRegions = (
				en,
				Base,
			);
			mainGroup = 03A403B72EA6540F002DC443;
			minimizedProjectReferenceProxies = 1;
			preferredProjectObjectVersion = 77;
			productRefGroup = 03A403C12EA6540F002DC443 /* Products */;
			projectDirPath = "";
			projectRoot = "";
			targets = (
				03A403BF2EA6540F002DC443 /* RickAndMortySwiftUI */,
			);
		};
/* End PBXProject section */

/* Begin PBXResourcesBuildPhase section */
		03A403BE2EA6540F002DC443 /* Resources */ = {
			isa = PBXResourcesBuildPhase;
			buildActionMask = 2147483647;
			files = (
				034F60D02EAB6752009E9EEB /* Assets.xcassets in Resources */,
			);
			runOnlyForDeploymentPostprocessing = 0;
		};
/* End PBXResourcesBuildPhase section */

/* Begin PBXSourcesBuildPhase section */
		03A403BC2EA6540F002DC443 /* Sources */ = {
			isa = PBXSourcesBuildPhase;
			buildActionMask = 2147483647;
			files = (
				034F60CE2EAB6752009E9EEB /* ContentView.swift in Sources */,
				032903652EAC0D6700B08713 /* Characters.swift in Sources */,
				032903672EAC0FB200B08713 /* RMService.swift in Sources */,
				0329036D2EAC17EE00B08713 /* PreviewCharactersPreviewData.swift in Sources */,
				034F60CF2EAB6752009E9EEB /* RickAndMortySwiftUIApp.swift in Sources */,
				032903692EAC136800B08713 /* CharacterRepository.swift in Sources */,
			);
			runOnlyForDeploymentPostprocessing = 0;
		};
/* End PBXSourcesBuildPhase section */

/* Begin XCBuildConfiguration section */
		03A403C92EA65410002DC443 /* Debug */ = {
			isa = XCBuildConfiguration;
			buildSettings = {
				ALWAYS_SEARCH_USER_PATHS = NO;
				ASSETCATALOG_COMPILER_GENERATE_SWIFT_ASSET_SYMBOL_EXTENSIONS = YES;
				CLANG_ANALYZER_NONNULL = YES;
				CLANG_ANALYZER_NUMBER_OBJECT_CONVERSION = YES_AGGRESSIVE;
				CLANG_CXX_LANGUAGE_STANDARD = "gnu++20";
				CLANG_ENABLE_MODULES = YES;
				CLANG_ENABLE_OBJC_ARC = YES;
				CLANG_ENABLE_OBJC_WEAK = YES;
				CLANG_WARN_BLOCK_CAPTURE_AUTORELEASING = YES;
				CLANG_WARN_BOOL_CONVERSION = YES;
				CLANG_WARN_COMMA = YES;
				CLANG_WARN_CONSTANT_CONVERSION = YES;
				CLANG_WARN_DEPRECATED_OBJC_IMPLEMENTATIONS = YES;
				CLANG_WARN_DIRECT_OBJC_ISA_USAGE = YES_ERROR;
				CLANG_WARN_DOCUMENTATION_COMMENTS = YES;
				CLANG_WARN_EMPTY_BODY = YES;
				CLANG_WARN_ENUM_CONVERSION = YES;
				CLANG_WARN_INFINITE_RECURSION = YES;
				CLANG_WARN_INT_CONVERSION = YES;
				CLANG_WARN_NON_LITERAL_NULL_CONVERSION = YES;
				CLANG_WARN_OBJC_IMPLICIT_RETAIN_SELF = YES;
				CLANG_WARN_OBJC_LITERAL_CONVERSION = YES;
				CLANG_WARN_OBJC_ROOT_CLASS = YES_ERROR;
				CLANG_WARN_QUOTED_INCLUDE_IN_FRAMEWORK_HEADER = YES;
				CLANG_WARN_RANGE_LOOP_ANALYSIS = YES;
				CLANG_WARN_STRICT_PROTOTYPES = YES;
				CLANG_WARN_SUSPICIOUS_MOVE = YES;
				CLANG_WARN_UNGUARDED_AVAILABILITY = YES_AGGRESSIVE;
				CLANG_WARN_UNREACHABLE_CODE = YES;
				CLANG_WARN__DUPLICATE_METHOD_MATCH = YES;
				COPY_PHASE_STRIP = NO;
				DEBUG_INFORMATION_FORMAT = dwarf;
				DEVELOPMENT_TEAM = N693GNQH6J;
				ENABLE_STRICT_OBJC_MSGSEND = YES;
				ENABLE_TESTABILITY = YES;
				ENABLE_USER_SCRIPT_SANDBOXING = YES;
				GCC_C_LANGUAGE_STANDARD = gnu17;
				GCC_DYNAMIC_NO_PIC = NO;
				GCC_NO_COMMON_BLOCKS = YES;
				GCC_OPTIMIZATION_LEVEL = 0;
				GCC_PREPROCESSOR_DEFINITIONS = (
					"DEBUG=1",
					"$(inherited)",
				);
				GCC_WARN_64_TO_32_BIT_CONVERSION = YES;
				GCC_WARN_ABOUT_RETURN_TYPE = YES_ERROR;
				GCC_WARN_UNDECLARED_SELECTOR = YES;
				GCC_WARN_UNINITIALIZED_AUTOS = YES_AGGRESSIVE;
				GCC_WARN_UNUSED_FUNCTION = YES;
				GCC_WARN_UNUSED_VARIABLE = YES;
				IPHONEOS_DEPLOYMENT_TARGET = 26.0;
				LOCALIZATION_PREFERS_STRING_CATALOGS = YES;
				MTL_ENABLE_DEBUG_INFO = INCLUDE_SOURCE;
				MTL_FAST_MATH = YES;
				ONLY_ACTIVE_ARCH = YES;
				SDKROOT = iphoneos;
				SWIFT_ACTIVE_COMPILATION_CONDITIONS = "DEBUG $(inherited)";
				SWIFT_OPTIMIZATION_LEVEL = "-Onone";
			};
			name = Debug;
		};
		03A403CA2EA65410002DC443 /* Release */ = {
			isa = XCBuildConfiguration;
			buildSettings = {
				ALWAYS_SEARCH_USER_PATHS = NO;
				ASSETCATALOG_COMPILER_GENERATE_SWIFT_ASSET_SYMBOL_EXTENSIONS = YES;
				CLANG_ANALYZER_NONNULL = YES;
				CLANG_ANALYZER_NUMBER_OBJECT_CONVERSION = YES_AGGRESSIVE;
				CLANG_CXX_LANGUAGE_STANDARD = "gnu++20";
				CLANG_ENABLE_MODULES = YES;
				CLANG_ENABLE_OBJC_ARC = YES;
				CLANG_ENABLE_OBJC_WEAK = YES;
				CLANG_WARN_BLOCK_CAPTURE_AUTORELEASING = YES;
				CLANG_WARN_BOOL_CONVERSION = YES;
				CLANG_WARN_COMMA = YES;
				CLANG_WARN_CONSTANT_CONVERSION = YES;
				CLANG_WARN_DEPRECATED_OBJC_IMPLEMENTATIONS = YES;
				CLANG_WARN_DIRECT_OBJC_ISA_USAGE = YES_ERROR;
				CLANG_WARN_DOCUMENTATION_COMMENTS = YES;
				CLANG_WARN_EMPTY_BODY = YES;
				CLANG_WARN_ENUM_CONVERSION = YES;
				CLANG_WARN_INFINITE_RECURSION = YES;
				CLANG_WARN_INT_CONVERSION = YES;
				CLANG_WARN_NON_LITERAL_NULL_CONVERSION = YES;
				CLANG_WARN_OBJC_IMPLICIT_RETAIN_SELF = YES;
				CLANG_WARN_OBJC_LITERAL_CONVERSION = YES;
				CLANG_WARN_OBJC_ROOT_CLASS = YES_ERROR;
				CLANG_WARN_QUOTED_INCLUDE_IN_FRAMEWORK_HEADER = YES;
				CLANG_WARN_RANGE_LOOP_ANALYSIS = YES;
				CLANG_WARN_STRICT_PROTOTYPES = YES;
				CLANG_WARN_SUSPICIOUS_MOVE = YES;
				CLANG_WARN_UNGUARDED_AVAILABILITY = YES_AGGRESSIVE;
				CLANG_WARN_UNREACHABLE_CODE = YES;
				CLANG_WARN__DUPLICATE_METHOD_MATCH = YES;
				COPY_PHASE_STRIP = NO;
				DEBUG_INFORMATION_FORMAT = "dwarf-with-dsym";
				DEVELOPMENT_TEAM = N693GNQH6J;
				ENABLE_NS_ASSERTIONS = NO;
				ENABLE_STRICT_OBJC_MSGSEND = YES;
				ENABLE_USER_SCRIPT_SANDBOXING = YES;
				GCC_C_LANGUAGE_STANDARD = gnu17;
				GCC_NO_COMMON_BLOCKS = YES;
				GCC_WARN_64_TO_32_BIT_CONVERSION = YES;
				GCC_WARN_ABOUT_RETURN_TYPE = YES_ERROR;
				GCC_WARN_UNDECLARED_SELECTOR = YES;
				GCC_WARN_UNINITIALIZED_AUTOS = YES_AGGRESSIVE;
				GCC_WARN_UNUSED_FUNCTION = YES;
				GCC_WARN_UNUSED_VARIABLE = YES;
				IPHONEOS_DEPLOYMENT_TARGET = 26.0;
				LOCALIZATION_PREFERS_STRING_CATALOGS = YES;
				MTL_ENABLE_DEBUG_INFO = NO;
				MTL_FAST_MATH = YES;
				SDKROOT = iphoneos;
				SWIFT_COMPILATION_MODE = wholemodule;
				VALIDATE_PRODUCT = YES;
			};
			name = Release;
		};
		03A403CC2EA65410002DC443 /* Debug */ = {
			isa = XCBuildConfiguration;
			buildSettings = {
				ASSETCATALOG_COMPILER_APPICON_NAME = AppIcon;
				ASSETCATALOG_COMPILER_GLOBAL_ACCENT_COLOR_NAME = AccentColor;
				CODE_SIGN_STYLE = Automatic;
				CURRENT_PROJECT_VERSION = 1;
				DEVELOPMENT_TEAM = N693GNQH6J;
				ENABLE_PREVIEWS = YES;
				GENERATE_INFOPLIST_FILE = YES;
				INFOPLIST_KEY_UIApplicationSceneManifest_Generation = YES;
				INFOPLIST_KEY_UIApplicationSupportsIndirectInputEvents = YES;
				INFOPLIST_KEY_UILaunchScreen_Generation = YES;
				INFOPLIST_KEY_UISupportedInterfaceOrientations_iPad = "UIInterfaceOrientationPortrait UIInterfaceOrientationPortraitUpsideDown UIInterfaceOrientationLandscapeLeft UIInterfaceOrientationLandscapeRight";
				INFOPLIST_KEY_UISupportedInterfaceOrientations_iPhone = "UIInterfaceOrientationPortrait UIInterfaceOrientationLandscapeLeft UIInterfaceOrientationLandscapeRight";
				LD_RUNPATH_SEARCH_PATHS = (
					"$(inherited)",
					"@executable_path/Frameworks",
				);
				MARKETING_VERSION = 1.0;
				PRODUCT_BUNDLE_IDENTIFIER = com.nicholasjeria.RickAndMortySwiftUI;
				PRODUCT_NAME = "$(TARGET_NAME)";
				STRING_CATALOG_GENERATE_SYMBOLS = YES;
				SWIFT_APPROACHABLE_CONCURRENCY = YES;
				SWIFT_DEFAULT_ACTOR_ISOLATION = MainActor;
				SWIFT_EMIT_LOC_STRINGS = YES;
				SWIFT_UPCOMING_FEATURE_MEMBER_IMPORT_VISIBILITY = YES;
				SWIFT_VERSION = 5.0;
				TARGETED_DEVICE_FAMILY = "1,2";
			};
			name = Debug;
		};
		03A403CD2EA65410002DC443 /* Release */ = {
			isa = XCBuildConfiguration;
			buildSettings = {
				ASSETCATALOG_COMPILER_APPICON_NAME = AppIcon;
				ASSETCATALOG_COMPILER_GLOBAL_ACCENT_COLOR_NAME = AccentColor;
				CODE_SIGN_STYLE = Automatic;
				CURRENT_PROJECT_VERSION = 1;
				DEVELOPMENT_TEAM = N693GNQH6J;
				ENABLE_PREVIEWS = YES;
				GENERATE_INFOPLIST_FILE = YES;
				INFOPLIST_KEY_UIApplicationSceneManifest_Generation = YES;
				INFOPLIST_KEY_UIApplicationSupportsIndirectInputEvents = YES;
				INFOPLIST_KEY_UILaunchScreen_Generation = YES;
				INFOPLIST_KEY_UISupportedInterfaceOrientations_iPad = "UIInterfaceOrientationPortrait UIInterfaceOrientationPortraitUpsideDown UIInterfaceOrientationLandscapeLeft UIInterfaceOrientationLandscapeRight";
				INFOPLIST_KEY_UISupportedInterfaceOrientations_iPhone = "UIInterfaceOrientationPortrait UIInterfaceOrientationLandscapeLeft UIInterfaceOrientationLandscapeRight";
				LD_RUNPATH_SEARCH_PATHS = (
					"$(inherited)",
					"@executable_path/Frameworks",
				);
				MARKETING_VERSION = 1.0;
				PRODUCT_BUNDLE_IDENTIFIER = com.nicholasjeria.RickAndMortySwiftUI;
				PRODUCT_NAME = "$(TARGET_NAME)";
				STRING_CATALOG_GENERATE_SYMBOLS = YES;
				SWIFT_APPROACHABLE_CONCURRENCY = YES;
				SWIFT_DEFAULT_ACTOR_ISOLATION = MainActor;
				SWIFT_EMIT_LOC_STRINGS = YES;
				SWIFT_UPCOMING_FEATURE_MEMBER_IMPORT_VISIBILITY = YES;
				SWIFT_VERSION = 5.0;
				TARGETED_DEVICE_FAMILY = "1,2";
			};
			name = Release;
		};
/* End XCBuildConfiguration section */

/* Begin XCConfigurationList section */
		03A403BB2EA6540F002DC443 /* Build configuration list for PBXProject "RickAndMortySwiftUI" */ = {
			isa = XCConfigurationList;
			buildConfigurations = (
				03A403C92EA65410002DC443 /* Debug */,
				03A403CA2EA65410002DC443 /* Release */,
			);
			defaultConfigurationIsVisible = 0;
			defaultConfigurationName = Release;
		};
		03A403CB2EA65410002DC443 /* Build configuration list for PBXNativeTarget "RickAndMortySwiftUI" */ = {
			isa = XCConfigurationList;
			buildConfigurations = (
				03A403CC2EA65410002DC443 /* Debug */,
				03A403CD2EA65410002DC443 /* Release */,
			);
			defaultConfigurationIsVisible = 0;
			defaultConfigurationName = Release;
		};
/* End XCConfigurationList section */
	};
	rootObject = 03A403B82EA6540F002DC443 /* Project object */;
}
