// !$*UTF8*$!
{
	archiveVersion = 1;
	classes = {
	};
	objectVersion = 77;
	objects = {

/* Begin PBXBuildFile section */
		030EF36E2EAE76E5008DC095 /* PreviewID.swift in Sources */ = {isa = PBXBuildFile; fileRef = 030EF36D2EAE76E5008DC095 /* PreviewID.swift */; };
		0317377D2EAD650E001D8DD6 /* CharactersView+Previews.swift in Sources */ = {isa = PBXBuildFile; fileRef = 0317377C2EAD650E001D8DD6 /* CharactersView+Previews.swift */; };
		031737802EAD73F5001D8DD6 /* PreviewHelper.swift in Sources */ = {isa = PBXBuildFile; fileRef = 0317377F2EAD73F5001D8DD6 /* PreviewHelper.swift */; };
		032903652EAC0D6700B08713 /* Characters.swift in Sources */ = {isa = PBXBuildFile; fileRef = 032903642EAC0D6700B08713 /* Characters.swift */; };
		032903672EAC0FB200B08713 /* RMService.swift in Sources */ = {isa = PBXBuildFile; fileRef = 032903662EAC0FB200B08713 /* RMService.swift */; };
		032903692EAC136800B08713 /* CharacterRepository.swift in Sources */ = {isa = PBXBuildFile; fileRef = 032903682EAC136800B08713 /* CharacterRepository.swift */; };
		0329036D2EAC17EE00B08713 /* PreviewCharactersPreviewData.swift in Sources */ = {isa = PBXBuildFile; fileRef = 0329036C2EAC17EE00B08713 /* PreviewCharactersPreviewData.swift */; };
		032903852EAC1BAC00B08713 /* CharactersViewModel.swift in Sources */ = {isa = PBXBuildFile; fileRef = 032903842EAC1BAC00B08713 /* CharactersViewModel.swift */; };
		034F60CF2EAB6752009E9EEB /* RickAndMortySwiftUIApp.swift in Sources */ = {isa = PBXBuildFile; fileRef = 034F60CC2EAB6752009E9EEB /* RickAndMortySwiftUIApp.swift */; };
		034F60D02EAB6752009E9EEB /* Assets.xcassets in Resources */ = {isa = PBXBuildFile; fileRef = 034F60CA2EAB6752009E9EEB /* Assets.xcassets */; };
		03B9660B2EACE51D009CB43A /* CharactersView.swift in Sources */ = {isa = PBXBuildFile; fileRef = 03B9660A2EACE51D009CB43A /* CharactersView.swift */; };
		03B9660E2EACE5C7009CB43A /* PreviewFactory + Characters.swift in Sources */ = {isa = PBXBuildFile; fileRef = 03B9660D2EACE5C7009CB43A /* PreviewFactory + Characters.swift */; };
		03F78E052EB015AD00B7B666 /* CharacterDetailView.swift in Sources */ = {isa = PBXBuildFile; fileRef = 03F78E042EB015AD00B7B666 /* CharacterDetailView.swift */; };
			03F78E092EB01BAF00B7B666 /* LoadingView.swift in Sources */ = {isa = PBXBuildFile; fileRef = 03F78E082EB01BAF00B7B666 /* LoadingView.swift */; };
			03F78E0B2EB01CA800B7B666 /* ErrorStateView.swift in Sources */ = {isa = PBXBuildFile; fileRef = 03F78E0A2EB01CA800B7B666 /* ErrorStateView.swift */; };
			A4E2D1FE2F108A3B00AA1101 /* CatalogPaginationFooter.swift in Sources */ = {isa = PBXBuildFile; fileRef = A4E2D1FF2F108A3B00AA1101 /* CatalogPaginationFooter.swift */; };
			03F78E0D2EB0224F00B7B666 /* CharacterRowView.swift in Sources */ = {isa = PBXBuildFile; fileRef = 03F78E0C2EB0224F00B7B666 /* CharacterRowView.swift */; };
			03FABEE72EAFBAC90080DD40 /* Route.swift in Sources */ = {isa = PBXBuildFile; fileRef = 03FABEE62EAFBAC90080DD40 /* Route.swift */; };
			03FABEE92EAFBB1F0080DD40 /* Router.swift in Sources */ = {isa = PBXBuildFile; fileRef = 03FABEE82EAFBB1F0080DD40 /* Router.swift */; };
			A4E2D1F52F108A3B00AA1101 /* LocationCatalogView.swift in Sources */ = {isa = PBXBuildFile; fileRef = A4E2D1F42F108A3B00AA1101 /* LocationCatalogView.swift */; };
			A4E2D1F72F108A3B00AA1101 /* EpisodeCatalogView.swift in Sources */ = {isa = PBXBuildFile; fileRef = A4E2D1F62F108A3B00AA1101 /* EpisodeCatalogView.swift */; };
			A4E2D1F92F108A3B00AA1101 /* CharactersExploreMenu.swift in Sources */ = {isa = PBXBuildFile; fileRef = A4E2D1F82F108A3B00AA1101 /* CharactersExploreMenu.swift */; };
			A4E2D1FB2F108A3B00AA1101 /* CharactersFiltersMenu.swift in Sources */ = {isa = PBXBuildFile; fileRef = A4E2D1FA2F108A3B00AA1101 /* CharactersFiltersMenu.swift */; };
			A4E2D1FD2F108A3B00AA1101 /* CharactersSpeciesTypeFilterSheet.swift in Sources */ = {isa = PBXBuildFile; fileRef = A4E2D1FC2F108A3B00AA1101 /* CharactersSpeciesTypeFilterSheet.swift */; };
			82A48919BA884B3DBD03C8A0 /* RMServiceTests.swift in Sources */ = {isa = PBXBuildFile; fileRef = 3685CD5EB9A94748A8736F28 /* RMServiceTests.swift */; };
			A1F28134295E4E558421957D /* CharactersViewModelTests.swift in Sources */ = {isa = PBXBuildFile; fileRef = BDEC545ADB2C468AB3BD183B /* CharactersViewModelTests.swift */; };
/* End PBXBuildFile section */

/* Begin PBXContainerItemProxy section */
		5536E99F154047D797A9ED67 /* PBXContainerItemProxy */ = {
			isa = PBXContainerItemProxy;
			containerPortal = 03A403B82EA6540F002DC443 /* Project object */;
			proxyType = 1;
			remoteGlobalIDString = 03A403BF2EA6540F002DC443;
			remoteInfo = RickAndMortySwiftUI;
		};
/* End PBXContainerItemProxy section */

/* Begin PBXFileReference section */
		030EF36D2EAE76E5008DC095 /* PreviewID.swift */ = {isa = PBXFileReference; lastKnownFileType = sourcecode.swift; path = PreviewID.swift; sourceTree = "<group>"; };
		0317377C2EAD650E001D8DD6 /* CharactersView+Previews.swift */ = {isa = PBXFileReference; lastKnownFileType = sourcecode.swift; path = "CharactersView+Previews.swift"; sourceTree = "<group>"; };
		0317377F2EAD73F5001D8DD6 /* PreviewHelper.swift */ = {isa = PBXFileReference; lastKnownFileType = sourcecode.swift; path = PreviewHelper.swift; sourceTree = "<group>"; };
		032903642EAC0D6700B08713 /* Characters.swift */ = {isa = PBXFileReference; lastKnownFileType = sourcecode.swift; path = Characters.swift; sourceTree = "<group>"; };
		032903662EAC0FB200B08713 /* RMService.swift */ = {isa = PBXFileReference; lastKnownFileType = sourcecode.swift; path = RMService.swift; sourceTree = "<group>"; };
		032903682EAC136800B08713 /* CharacterRepository.swift */ = {isa = PBXFileReference; lastKnownFileType = sourcecode.swift; path = CharacterRepository.swift; sourceTree = "<group>"; };
		0329036C2EAC17EE00B08713 /* PreviewCharactersPreviewData.swift */ = {isa = PBXFileReference; lastKnownFileType = sourcecode.swift; path = PreviewCharactersPreviewData.swift; sourceTree = "<group>"; };
		032903842EAC1BAC00B08713 /* CharactersViewModel.swift */ = {isa = PBXFileReference; lastKnownFileType = sourcecode.swift; path = CharactersViewModel.swift; sourceTree = "<group>"; };
		034F60CA2EAB6752009E9EEB /* Assets.xcassets */ = {isa = PBXFileReference; lastKnownFileType = folder.assetcatalog; path = Assets.xcassets; sourceTree = "<group>"; };
		034F60CC2EAB6752009E9EEB /* RickAndMortySwiftUIApp.swift */ = {isa = PBXFileReference; lastKnownFileType = sourcecode.swift; path = RickAndMortySwiftUIApp.swift; sourceTree = "<group>"; };
		03A403C02EA6540F002DC443 /* RickAndMortySwiftUI.app */ = {isa = PBXFileReference; explicitFileType = wrapper.application; includeInIndex = 0; path = RickAndMortySwiftUI.app; sourceTree = BUILT_PRODUCTS_DIR; };
		03B9660A2EACE51D009CB43A /* CharactersView.swift */ = {isa = PBXFileReference; lastKnownFileType = sourcecode.swift; path = CharactersView.swift; sourceTree = "<group>"; };
		03B9660D2EACE5C7009CB43A /* PreviewFactory + Characters.swift */ = {isa = PBXFileReference; lastKnownFileType = sourcecode.swift; path = "PreviewFactory + Characters.swift"; sourceTree = "<group>"; };
		03CD765ADEE046B1ACCF8998 /* RickAndMortySwiftUITests.xctest */ = {isa = PBXFileReference; explicitFileType = wrapper.cfbundle; includeInIndex = 0; path = RickAndMortySwiftUITests.xctest; sourceTree = BUILT_PRODUCTS_DIR; };
		03F78E042EB015AD00B7B666 /* CharacterDetailView.swift */ = {isa = PBXFileReference; lastKnownFileType = sourcecode.swift; path = CharacterDetailView.swift; sourceTree = "<group>"; };
			03F78E082EB01BAF00B7B666 /* LoadingView.swift */ = {isa = PBXFileReference; lastKnownFileType = sourcecode.swift; path = LoadingView.swift; sourceTree = "<group>"; };
			03F78E0A2EB01CA800B7B666 /* ErrorStateView.swift */ = {isa = PBXFileReference; lastKnownFileType = sourcecode.swift; path = ErrorStateView.swift; sourceTree = "<group>"; };
			A4E2D1FF2F108A3B00AA1101 /* CatalogPaginationFooter.swift */ = {isa = PBXFileReference; lastKnownFileType = sourcecode.swift; path = CatalogPaginationFooter.swift; sourceTree = "<group>"; };
			03F78E0C2EB0224F00B7B666 /* CharacterRowView.swift */ = {isa = PBXFileReference; lastKnownFileType = sourcecode.swift; path = CharacterRowView.swift; sourceTree = "<group>"; };
			03FABEE62EAFBAC90080DD40 /* Route.swift */ = {isa = PBXFileReference; lastKnownFileType = sourcecode.swift; path = Route.swift; sourceTree = "<group>"; };
			03FABEE82EAFBB1F0080DD40 /* Router.swift */ = {isa = PBXFileReference; lastKnownFileType = sourcecode.swift; path = Router.swift; sourceTree = "<group>"; };
			A4E2D1F42F108A3B00AA1101 /* LocationCatalogView.swift */ = {isa = PBXFileReference; lastKnownFileType = sourcecode.swift; path = LocationCatalogView.swift; sourceTree = "<group>"; };
			A4E2D1F62F108A3B00AA1101 /* EpisodeCatalogView.swift */ = {isa = PBXFileReference; lastKnownFileType = sourcecode.swift; path = EpisodeCatalogView.swift; sourceTree = "<group>"; };
			A4E2D1F82F108A3B00AA1101 /* CharactersExploreMenu.swift */ = {isa = PBXFileReference; lastKnownFileType = sourcecode.swift; path = CharactersExploreMenu.swift; sourceTree = "<group>"; };
			A4E2D1FA2F108A3B00AA1101 /* CharactersFiltersMenu.swift */ = {isa = PBXFileReference; lastKnownFileType = sourcecode.swift; path = CharactersFiltersMenu.swift; sourceTree = "<group>"; };
			A4E2D1FC2F108A3B00AA1101 /* CharactersSpeciesTypeFilterSheet.swift */ = {isa = PBXFileReference; lastKnownFileType = sourcecode.swift; path = CharactersSpeciesTypeFilterSheet.swift; sourceTree = "<group>"; };
			3685CD5EB9A94748A8736F28 /* RMServiceTests.swift */ = {isa = PBXFileReference; lastKnownFileType = sourcecode.swift; path = RMServiceTests.swift; sourceTree = "<group>"; };
			BDEC545ADB2C468AB3BD183B /* CharactersViewModelTests.swift */ = {isa = PBXFileReference; lastKnownFileType = sourcecode.swift; path = CharactersViewModelTests.swift; sourceTree = "<group>"; };
/* End PBXFileReference section */

/* Begin PBXFrameworksBuildPhase section */
		03A403BD2EA6540F002DC443 /* Frameworks */ = {
			isa = PBXFrameworksBuildPhase;
			buildActionMask = 2147483647;
			files = (
			);
			runOnlyForDeploymentPostprocessing = 0;
		};
		57D17DF5993349C683E9742B /* Frameworks */ = {
			isa = PBXFrameworksBuildPhase;
			buildActionMask = 2147483647;
			files = (
			);
			runOnlyForDeploymentPostprocessing = 0;
		};
/* End PBXFrameworksBuildPhase section */

/* Begin PBXGroup section */
		0317377E2EAD73EB001D8DD6 /* Utils */ = {
			isa = PBXGroup;
			children = (
				0317377F2EAD73F5001D8DD6 /* PreviewHelper.swift */,
				030EF36D2EAE76E5008DC095 /* PreviewID.swift */,
			);
			path = Utils;
			sourceTree = "<group>";
		};
		0329036A2EAC17D200B08713 /* Characters */ = {
			isa = PBXGroup;
			children = (
				03B9660C2EACE5A9009CB43A /* Previews */,
				03B966092EACE510009CB43A /* Views */,
				032903832EAC1B9700B08713 /* ViewModels */,
				0329036B2EAC17DA00B08713 /* PreviewData */,
			);
			path = Characters;
			sourceTree = "<group>";
		};
		0329036B2EAC17DA00B08713 /* PreviewData */ = {
			isa = PBXGroup;
			children = (
				0329036C2EAC17EE00B08713 /* PreviewCharactersPreviewData.swift */,
			);
			path = PreviewData;
			sourceTree = "<group>";
		};
		032903832EAC1B9700B08713 /* ViewModels */ = {
			isa = PBXGroup;
			children = (
				032903842EAC1BAC00B08713 /* CharactersViewModel.swift */,
			);
			path = ViewModels;
			sourceTree = "<group>";
		};
		034F60CD2EAB6752009E9EEB /* RickAndMortySwiftUI */ = {
			isa = PBXGroup;
			children = (
				034F60D12EAB6756009E9EEB /* Core */,
				034F60D22EAB675C009E9EEB /* Features */,
				034F60CA2EAB6752009E9EEB /* Assets.xcassets */,
				034F60CC2EAB6752009E9EEB /* RickAndMortySwiftUIApp.swift */,
			);
			path = RickAndMortySwiftUI;
			sourceTree = "<group>";
		};
		034F60D12EAB6756009E9EEB /* Core */ = {
			isa = PBXGroup;
			children = (
				03FABEE52EAFBAB90080DD40 /* Navigation */,
				0317377E2EAD73EB001D8DD6 /* Utils */,
				034F60D32EAB6776009E9EEB /* Models */,
				034F60D42EAB677B009E9EEB /* Networking */,
				034F60D52EAB6784009E9EEB /* Data */,
			);
			path = Core;
			sourceTree = "<group>";
		};
		034F60D22EAB675C009E9EEB /* Features */ = {
			isa = PBXGroup;
			children = (
				03F78E062EB01B9D00B7B666 /* Shared */,
				0329036A2EAC17D200B08713 /* Characters */,
			);
			path = Features;
			sourceTree = "<group>";
		};
		034F60D32EAB6776009E9EEB /* Models */ = {
			isa = PBXGroup;
			children = (
				032903642EAC0D6700B08713 /* Characters.swift */,
			);
			path = Models;
			sourceTree = "<group>";
		};
		034F60D42EAB677B009E9EEB /* Networking */ = {
			isa = PBXGroup;
			children = (
				032903662EAC0FB200B08713 /* RMService.swift */,
			);
			path = Networking;
			sourceTree = "<group>";
		};
		034F60D52EAB6784009E9EEB /* Data */ = {
			isa = PBXGroup;
			children = (
				032903682EAC136800B08713 /* CharacterRepository.swift */,
			);
			path = Data;
			sourceTree = "<group>";
		};
		03A403B72EA6540F002DC443 = {
			isa = PBXGroup;
			children = (
				034F60CD2EAB6752009E9EEB /* RickAndMortySwiftUI */,
				F7951BF109C544679018A2A5 /* RickAndMortySwiftUITests */,
				03A403C12EA6540F002DC443 /* Products */,
			);
			sourceTree = "<group>";
		};
		03A403C12EA6540F002DC443 /* Products */ = {
			isa = PBXGroup;
			children = (
				03A403C02EA6540F002DC443 /* RickAndMortySwiftUI.app */,
				03CD765ADEE046B1ACCF8998 /* RickAndMortySwiftUITests.xctest */,
			);
			name = Products;
			sourceTree = "<group>";
		};
			03B966092EACE510009CB43A /* Views */ = {
				isa = PBXGroup;
				children = (
					03B9660A2EACE51D009CB43A /* CharactersView.swift */,
					0317377C2EAD650E001D8DD6 /* CharactersView+Previews.swift */,
					03F78E042EB015AD00B7B666 /* CharacterDetailView.swift */,
					03F78E0C2EB0224F00B7B666 /* CharacterRowView.swift */,
					A4E2D1F82F108A3B00AA1101 /* CharactersExploreMenu.swift */,
					A4E2D1FA2F108A3B00AA1101 /* CharactersFiltersMenu.swift */,
					A4E2D1FC2F108A3B00AA1101 /* CharactersSpeciesTypeFilterSheet.swift */,
					A4E2D1F42F108A3B00AA1101 /* LocationCatalogView.swift */,
					A4E2D1F62F108A3B00AA1101 /* EpisodeCatalogView.swift */,
				);
				path = Views;
				sourceTree = "<group>";
			};
		03B9660C2EACE5A9009CB43A /* Previews */ = {
			isa = PBXGroup;
			children = (
				03B9660D2EACE5C7009CB43A /* PreviewFactory + Characters.swift */,
			);
			path = Previews;
			sourceTree = "<group>";
		};
		03F78E062EB01B9D00B7B666 /* Shared */ = {
			isa = PBXGroup;
			children = (
				03F78E072EB01BA400B7B666 /* Views */,
			);
			path = Shared;
			sourceTree = "<group>";
		};
		03F78E072EB01BA400B7B666 /* Views */ = {
			isa = PBXGroup;
			children = (
				03F78E082EB01BAF00B7B666 /* LoadingView.swift */,
				03F78E0A2EB01CA800B7B666 /* ErrorStateView.swift */,
				A4E2D1FF2F108A3B00AA1101 /* CatalogPaginationFooter.swift */,
			);
			path = Views;
			sourceTree = "<group>";
		};
		03FABEE52EAFBAB90080DD40 /* Navigation */ = {
			isa = PBXGroup;
			children = (
				03FABEE62EAFBAC90080DD40 /* Route.swift */,
				03FABEE82EAFBB1F0080DD40 /* Router.swift */,
			);
			path = Navigation;
			sourceTree = "<group>";
		};
		F7951BF109C544679018A2A5 /* RickAndMortySwiftUITests */ = {
			isa = PBXGroup;
			children = (
				BDEC545ADB2C468AB3BD183B /* CharactersViewModelTests.swift */,
				3685CD5EB9A94748A8736F28 /* RMServiceTests.swift */,
			);
			path = RickAndMortySwiftUITests;
			sourceTree = "<group>";
		};
/* End PBXGroup section */

/* Begin PBXNativeTarget section */
		03A403BF2EA6540F002DC443 /* RickAndMortySwiftUI */ = {
			isa = PBXNativeTarget;
			buildConfigurationList = 03A403CB2EA65410002DC443 /* Build configuration list for PBXNativeTarget "RickAndMortySwiftUI" */;
			buildPhases = (
				03A403BC2EA6540F002DC443 /* Sources */,
				03A403BD2EA6540F002DC443 /* Frameworks */,
				03A403BE2EA6540F002DC443 /* Resources */,
			);
			buildRules = (
			);
			dependencies = (
			);
			name = RickAndMortySwiftUI;
			packageProductDependencies = (
			);
			productName = RickAndMortySwiftUI;
			productReference = 03A403C02EA6540F002DC443 /* RickAndMortySwiftUI.app */;
			productType = "com.apple.product-type.application";
		};
		3F80AADC72844654A2FC6D37 /* RickAndMortySwiftUITests */ = {
			isa = PBXNativeTarget;
			buildConfigurationList = 1B40575EA9DA47F3A651A8F6 /* Build configuration list for PBXNativeTarget "RickAndMortySwiftUITests" */;
			buildPhases = (
				8FE598A2588F440F853819C3 /* Sources */,
				57D17DF5993349C683E9742B /* Frameworks */,
				FE7A0733495E470C9AB7EBDC /* Resources */,
			);
			buildRules = (
			);
			dependencies = (
				20061BAA0965442BA1DEB81D /* PBXTargetDependency */,
			);
			name = RickAndMortySwiftUITests;
			packageProductDependencies = (
			);
			productName = RickAndMortySwiftUITests;
			productReference = 03CD765ADEE046B1ACCF8998 /* RickAndMortySwiftUITests.xctest */;
			productType = "com.apple.product-type.bundle.unit-test";
		};
/* End PBXNativeTarget section */

/* Begin PBXProject section */
		03A403B82EA6540F002DC443 /* Project object */ = {
			isa = PBXProject;
			attributes = {
				BuildIndependentTargetsInParallel = 1;
				LastSwiftUpdateCheck = 2600;
				LastUpgradeCheck = 2640;
				TargetAttributes = {
					03A403BF2EA6540F002DC443 = {
						CreatedOnToolsVersion = 26.0.1;
					};
					3F80AADC72844654A2FC6D37 = {
						CreatedOnToolsVersion = 26.0.1;
						TestTargetID = 03A403BF2EA6540F002DC443;
					};
				};
			};
			buildConfigurationList = 03A403BB2EA6540F002DC443 /* Build configuration list for PBXProject "RickAndMortySwiftUI" */;
			developmentRegion = en;
			hasScannedForEncodings = 0;
			knownRegions = (
				en,
				Base,
			);
			mainGroup = 03A403B72EA6540F002DC443;
			minimizedProjectReferenceProxies = 1;
			preferredProjectObjectVersion = 77;
			productRefGroup = 03A403C12EA6540F002DC443 /* Products */;
			projectDirPath = "";
			projectRoot = "";
			targets = (
				03A403BF2EA6540F002DC443 /* RickAndMortySwiftUI */,
				3F80AADC72844654A2FC6D37 /* RickAndMortySwiftUITests */,
			);
		};
/* End PBXProject section */

/* Begin PBXResourcesBuildPhase section */
		03A403BE2EA6540F002DC443 /* Resources */ = {
			isa = PBXResourcesBuildPhase;
			buildActionMask = 2147483647;
			files = (
				034F60D02EAB6752009E9EEB /* Assets.xcassets in Resources */,
			);
			runOnlyForDeploymentPostprocessing = 0;
		};
		FE7A0733495E470C9AB7EBDC /* Resources */ = {
			isa = PBXResourcesBuildPhase;
			buildActionMask = 2147483647;
			files = (
			);
			runOnlyForDeploymentPostprocessing = 0;
		};
/* End PBXResourcesBuildPhase section */

/* Begin PBXSourcesBuildPhase section */
		03A403BC2EA6540F002DC443 /* Sources */ = {
			isa = PBXSourcesBuildPhase;
			buildActionMask = 2147483647;
			files = (
				031737802EAD73F5001D8DD6 /* PreviewHelper.swift in Sources */,
				0317377D2EAD650E001D8DD6 /* CharactersView+Previews.swift in Sources */,
				032903852EAC1BAC00B08713 /* CharactersViewModel.swift in Sources */,
				03F78E052EB015AD00B7B666 /* CharacterDetailView.swift in Sources */,
				030EF36E2EAE76E5008DC095 /* PreviewID.swift in Sources */,
					03F78E0B2EB01CA800B7B666 /* ErrorStateView.swift in Sources */,
					03B9660B2EACE51D009CB43A /* CharactersView.swift in Sources */,
					032903652EAC0D6700B08713 /* Characters.swift in Sources */,
					03B9660E2EACE5C7009CB43A /* PreviewFactory + Characters.swift in Sources */,
					03F78E0D2EB0224F00B7B666 /* CharacterRowView.swift in Sources */,
					A4E2D1F92F108A3B00AA1101 /* CharactersExploreMenu.swift in Sources */,
					A4E2D1FB2F108A3B00AA1101 /* CharactersFiltersMenu.swift in Sources */,
					A4E2D1FD2F108A3B00AA1101 /* CharactersSpeciesTypeFilterSheet.swift in Sources */,
					A4E2D1F52F108A3B00AA1101 /* LocationCatalogView.swift in Sources */,
					A4E2D1F72F108A3B00AA1101 /* EpisodeCatalogView.swift in Sources */,
					03F78E092EB01BAF00B7B666 /* LoadingView.swift in Sources */,
					A4E2D1FE2F108A3B00AA1101 /* CatalogPaginationFooter.swift in Sources */,
					032903672EAC0FB200B08713 /* RMService.swift in Sources */,
					0329036D2EAC17EE00B08713 /* PreviewCharactersPreviewData.swift in Sources */,
				03FABEE72EAFBAC90080DD40 /* Route.swift in Sources */,
				034F60CF2EAB6752009E9EEB /* RickAndMortySwiftUIApp.swift in Sources */,
				032903692EAC136800B08713 /* CharacterRepository.swift in Sources */,
				03FABEE92EAFBB1F0080DD40 /* Router.swift in Sources */,
			);
			runOnlyForDeploymentPostprocessing = 0;
		};
		8FE598A2588F440F853819C3 /* Sources */ = {
			isa = PBXSourcesBuildPhase;
			buildActionMask = 2147483647;
			files = (
				A1F28134295E4E558421957D /* CharactersViewModelTests.swift in Sources */,
				82A48919BA884B3DBD03C8A0 /* RMServiceTests.swift in Sources */,
			);
			runOnlyForDeploymentPostprocessing = 0;
		};
/* End PBXSourcesBuildPhase section */

/* Begin PBXTargetDependency section */
		20061BAA0965442BA1DEB81D /* PBXTargetDependency */ = {
			isa = PBXTargetDependency;
			target = 03A403BF2EA6540F002DC443 /* RickAndMortySwiftUI */;
			targetProxy = 5536E99F154047D797A9ED67 /* PBXContainerItemProxy */;
		};
/* End PBXTargetDependency section */

/* Begin XCBuildConfiguration section */
		03A403C92EA65410002DC443 /* Debug */ = {
			isa = XCBuildConfiguration;
			buildSettings = {
				ALWAYS_SEARCH_USER_PATHS = NO;
				ASSETCATALOG_COMPILER_GENERATE_SWIFT_ASSET_SYMBOL_EXTENSIONS = YES;
				CLANG_ANALYZER_NONNULL = YES;
				CLANG_ANALYZER_NUMBER_OBJECT_CONVERSION = YES_AGGRESSIVE;
				CLANG_CXX_LANGUAGE_STANDARD = "gnu++20";
				CLANG_ENABLE_MODULES = YES;
				CLANG_ENABLE_OBJC_ARC = YES;
				CLANG_ENABLE_OBJC_WEAK = YES;
				CLANG_WARN_BLOCK_CAPTURE_AUTORELEASING = YES;
				CLANG_WARN_BOOL_CONVERSION = YES;
				CLANG_WARN_COMMA = YES;
				CLANG_WARN_CONSTANT_CONVERSION = YES;
				CLANG_WARN_DEPRECATED_OBJC_IMPLEMENTATIONS = YES;
				CLANG_WARN_DIRECT_OBJC_ISA_USAGE = YES_ERROR;
				CLANG_WARN_DOCUMENTATION_COMMENTS = YES;
				CLANG_WARN_EMPTY_BODY = YES;
				CLANG_WARN_ENUM_CONVERSION = YES;
				CLANG_WARN_INFINITE_RECURSION = YES;
				CLANG_WARN_INT_CONVERSION = YES;
				CLANG_WARN_NON_LITERAL_NULL_CONVERSION = YES;
				CLANG_WARN_OBJC_IMPLICIT_RETAIN_SELF = YES;
				CLANG_WARN_OBJC_LITERAL_CONVERSION = YES;
				CLANG_WARN_OBJC_ROOT_CLASS = YES_ERROR;
				CLANG_WARN_QUOTED_INCLUDE_IN_FRAMEWORK_HEADER = YES;
				CLANG_WARN_RANGE_LOOP_ANALYSIS = YES;
				CLANG_WARN_STRICT_PROTOTYPES = YES;
				CLANG_WARN_SUSPICIOUS_MOVE = YES;
				CLANG_WARN_UNGUARDED_AVAILABILITY = YES_AGGRESSIVE;
				CLANG_WARN_UNREACHABLE_CODE = YES;
				CLANG_WARN__DUPLICATE_METHOD_MATCH = YES;
				COPY_PHASE_STRIP = NO;
				DEBUG_INFORMATION_FORMAT = dwarf;
				DEVELOPMENT_TEAM = N693GNQH6J;
				ENABLE_STRICT_OBJC_MSGSEND = YES;
				ENABLE_TESTABILITY = YES;
				ENABLE_USER_SCRIPT_SANDBOXING = YES;
				GCC_C_LANGUAGE_STANDARD = gnu17;
				GCC_DYNAMIC_NO_PIC = NO;
				GCC_NO_COMMON_BLOCKS = YES;
				GCC_OPTIMIZATION_LEVEL = 0;
				GCC_PREPROCESSOR_DEFINITIONS = (
					"DEBUG=1",
					"$(inherited)",
				);
				GCC_WARN_64_TO_32_BIT_CONVERSION = YES;
				GCC_WARN_ABOUT_RETURN_TYPE = YES_ERROR;
				GCC_WARN_UNDECLARED_SELECTOR = YES;
				GCC_WARN_UNINITIALIZED_AUTOS = YES_AGGRESSIVE;
				GCC_WARN_UNUSED_FUNCTION = YES;
				GCC_WARN_UNUSED_VARIABLE = YES;
				IPHONEOS_DEPLOYMENT_TARGET = 26.0;
				LOCALIZATION_PREFERS_STRING_CATALOGS = YES;
				MTL_ENABLE_DEBUG_INFO = INCLUDE_SOURCE;
				MTL_FAST_MATH = YES;
				ONLY_ACTIVE_ARCH = YES;
				SDKROOT = iphoneos;
				STRING_CATALOG_GENERATE_SYMBOLS = YES;
				SWIFT_ACTIVE_COMPILATION_CONDITIONS = "DEBUG $(inherited)";
				SWIFT_OPTIMIZATION_LEVEL = "-Onone";
			};
			name = Debug;
		};
		03A403CA2EA65410002DC443 /* Release */ = {
			isa = XCBuildConfiguration;
			buildSettings = {
				ALWAYS_SEARCH_USER_PATHS = NO;
				ASSETCATALOG_COMPILER_GENERATE_SWIFT_ASSET_SYMBOL_EXTENSIONS = YES;
				CLANG_ANALYZER_NONNULL = YES;
				CLANG_ANALYZER_NUMBER_OBJECT_CONVERSION = YES_AGGRESSIVE;
				CLANG_CXX_LANGUAGE_STANDARD = "gnu++20";
				CLANG_ENABLE_MODULES = YES;
				CLANG_ENABLE_OBJC_ARC = YES;
				CLANG_ENABLE_OBJC_WEAK = YES;
				CLANG_WARN_BLOCK_CAPTURE_AUTORELEASING = YES;
				CLANG_WARN_BOOL_CONVERSION = YES;
				CLANG_WARN_COMMA = YES;
				CLANG_WARN_CONSTANT_CONVERSION = YES;
				CLANG_WARN_DEPRECATED_OBJC_IMPLEMENTATIONS = YES;
				CLANG_WARN_DIRECT_OBJC_ISA_USAGE = YES_ERROR;
				CLANG_WARN_DOCUMENTATION_COMMENTS = YES;
				CLANG_WARN_EMPTY_BODY = YES;
				CLANG_WARN_ENUM_CONVERSION = YES;
				CLANG_WARN_INFINITE_RECURSION = YES;
				CLANG_WARN_INT_CONVERSION = YES;
				CLANG_WARN_NON_LITERAL_NULL_CONVERSION = YES;
				CLANG_WARN_OBJC_IMPLICIT_RETAIN_SELF = YES;
				CLANG_WARN_OBJC_LITERAL_CONVERSION = YES;
				CLANG_WARN_OBJC_ROOT_CLASS = YES_ERROR;
				CLANG_WARN_QUOTED_INCLUDE_IN_FRAMEWORK_HEADER = YES;
				CLANG_WARN_RANGE_LOOP_ANALYSIS = YES;
				CLANG_WARN_STRICT_PROTOTYPES = YES;
				CLANG_WARN_SUSPICIOUS_MOVE = YES;
				CLANG_WARN_UNGUARDED_AVAILABILITY = YES_AGGRESSIVE;
				CLANG_WARN_UNREACHABLE_CODE = YES;
				CLANG_WARN__DUPLICATE_METHOD_MATCH = YES;
				COPY_PHASE_STRIP = NO;
				DEBUG_INFORMATION_FORMAT = "dwarf-with-dsym";
				DEVELOPMENT_TEAM = N693GNQH6J;
				ENABLE_NS_ASSERTIONS = NO;
				ENABLE_STRICT_OBJC_MSGSEND = YES;
				ENABLE_USER_SCRIPT_SANDBOXING = YES;
				GCC_C_LANGUAGE_STANDARD = gnu17;
				GCC_NO_COMMON_BLOCKS = YES;
				GCC_WARN_64_TO_32_BIT_CONVERSION = YES;
				GCC_WARN_ABOUT_RETURN_TYPE = YES_ERROR;
				GCC_WARN_UNDECLARED_SELECTOR = YES;
				GCC_WARN_UNINITIALIZED_AUTOS = YES_AGGRESSIVE;
				GCC_WARN_UNUSED_FUNCTION = YES;
				GCC_WARN_UNUSED_VARIABLE = YES;
				IPHONEOS_DEPLOYMENT_TARGET = 26.0;
				LOCALIZATION_PREFERS_STRING_CATALOGS = YES;
				MTL_ENABLE_DEBUG_INFO = NO;
				MTL_FAST_MATH = YES;
				SDKROOT = iphoneos;
				STRING_CATALOG_GENERATE_SYMBOLS = YES;
				SWIFT_COMPILATION_MODE = wholemodule;
				VALIDATE_PRODUCT = YES;
			};
			name = Release;
		};
		03A403CC2EA65410002DC443 /* Debug */ = {
			isa = XCBuildConfiguration;
			buildSettings = {
				ASSETCATALOG_COMPILER_APPICON_NAME = AppIcon;
				ASSETCATALOG_COMPILER_GLOBAL_ACCENT_COLOR_NAME = AccentColor;
				CODE_SIGN_STYLE = Automatic;
				CURRENT_PROJECT_VERSION = 1;
				DEVELOPMENT_TEAM = N693GNQH6J;
				ENABLE_PREVIEWS = YES;
				GENERATE_INFOPLIST_FILE = YES;
				INFOPLIST_KEY_UIApplicationSceneManifest_Generation = YES;
				INFOPLIST_KEY_UIApplicationSupportsIndirectInputEvents = YES;
				INFOPLIST_KEY_UILaunchScreen_Generation = YES;
				INFOPLIST_KEY_UISupportedInterfaceOrientations_iPad = "UIInterfaceOrientationPortrait UIInterfaceOrientationPortraitUpsideDown UIInterfaceOrientationLandscapeLeft UIInterfaceOrientationLandscapeRight";
				INFOPLIST_KEY_UISupportedInterfaceOrientations_iPhone = "UIInterfaceOrientationPortrait UIInterfaceOrientationLandscapeLeft UIInterfaceOrientationLandscapeRight";
				IPHONEOS_DEPLOYMENT_TARGET = 17.6;
				LD_RUNPATH_SEARCH_PATHS = (
					"$(inherited)",
					"@executable_path/Frameworks",
				);
				MARKETING_VERSION = 1.0;
				PRODUCT_BUNDLE_IDENTIFIER = com.nicholasjeria.RickAndMortySwiftUI;
				PRODUCT_NAME = "$(TARGET_NAME)";
				STRING_CATALOG_GENERATE_SYMBOLS = YES;
				SWIFT_APPROACHABLE_CONCURRENCY = YES;
				SWIFT_DEFAULT_ACTOR_ISOLATION = MainActor;
				SWIFT_EMIT_LOC_STRINGS = YES;
				SWIFT_UPCOMING_FEATURE_MEMBER_IMPORT_VISIBILITY = YES;
				SWIFT_VERSION = 5.0;
				TARGETED_DEVICE_FAMILY = "1,2";
			};
			name = Debug;
		};
		03A403CD2EA65410002DC443 /* Release */ = {
			isa = XCBuildConfiguration;
			buildSettings = {
				ASSETCATALOG_COMPILER_APPICON_NAME = AppIcon;
				ASSETCATALOG_COMPILER_GLOBAL_ACCENT_COLOR_NAME = AccentColor;
				CODE_SIGN_STYLE = Automatic;
				CURRENT_PROJECT_VERSION = 1;
				DEVELOPMENT_TEAM = N693GNQH6J;
				ENABLE_PREVIEWS = YES;
				GENERATE_INFOPLIST_FILE = YES;
				INFOPLIST_KEY_UIApplicationSceneManifest_Generation = YES;
				INFOPLIST_KEY_UIApplicationSupportsIndirectInputEvents = YES;
				INFOPLIST_KEY_UILaunchScreen_Generation = YES;
				INFOPLIST_KEY_UISupportedInterfaceOrientations_iPad = "UIInterfaceOrientationPortrait UIInterfaceOrientationPortraitUpsideDown UIInterfaceOrientationLandscapeLeft UIInterfaceOrientationLandscapeRight";
				INFOPLIST_KEY_UISupportedInterfaceOrientations_iPhone = "UIInterfaceOrientationPortrait UIInterfaceOrientationLandscapeLeft UIInterfaceOrientationLandscapeRight";
				IPHONEOS_DEPLOYMENT_TARGET = 17.6;
				LD_RUNPATH_SEARCH_PATHS = (
					"$(inherited)",
					"@executable_path/Frameworks",
				);
				MARKETING_VERSION = 1.0;
				PRODUCT_BUNDLE_IDENTIFIER = com.nicholasjeria.RickAndMortySwiftUI;
				PRODUCT_NAME = "$(TARGET_NAME)";
				STRING_CATALOG_GENERATE_SYMBOLS = YES;
				SWIFT_APPROACHABLE_CONCURRENCY = YES;
				SWIFT_DEFAULT_ACTOR_ISOLATION = MainActor;
				SWIFT_EMIT_LOC_STRINGS = YES;
				SWIFT_UPCOMING_FEATURE_MEMBER_IMPORT_VISIBILITY = YES;
				SWIFT_VERSION = 5.0;
				TARGETED_DEVICE_FAMILY = "1,2";
			};
			name = Release;
		};
		4412E23FE29D458385C534C9 /* Debug */ = {
			isa = XCBuildConfiguration;
			buildSettings = {
				BUNDLE_LOADER = "$(TEST_HOST)";
				CODE_SIGN_STYLE = Automatic;
				CURRENT_PROJECT_VERSION = 1;
				DEVELOPMENT_TEAM = N693GNQH6J;
				GENERATE_INFOPLIST_FILE = YES;
				IPHONEOS_DEPLOYMENT_TARGET = 17.6;
				LD_RUNPATH_SEARCH_PATHS = (
					"$(inherited)",
					"@executable_path/Frameworks",
					"@loader_path/Frameworks",
				);
				MARKETING_VERSION = 1.0;
				PRODUCT_BUNDLE_IDENTIFIER = com.nicholasjeria.RickAndMortySwiftUITests;
				PRODUCT_NAME = "$(TARGET_NAME)";
				STRING_CATALOG_GENERATE_SYMBOLS = YES;
				SWIFT_APPROACHABLE_CONCURRENCY = YES;
				SWIFT_DEFAULT_ACTOR_ISOLATION = MainActor;
				SWIFT_EMIT_LOC_STRINGS = NO;
				SWIFT_UPCOMING_FEATURE_MEMBER_IMPORT_VISIBILITY = YES;
				SWIFT_VERSION = 5.0;
				TARGETED_DEVICE_FAMILY = "1,2";
				TEST_HOST = "$(BUILT_PRODUCTS_DIR)/RickAndMortySwiftUI.app/$(BUNDLE_EXECUTABLE_FOLDER_PATH)/RickAndMortySwiftUI";
			};
			name = Debug;
		};
		9E387C4B35F64BE69E412589 /* Release */ = {
			isa = XCBuildConfiguration;
			buildSettings = {
				BUNDLE_LOADER = "$(TEST_HOST)";
				CODE_SIGN_STYLE = Automatic;
				CURRENT_PROJECT_VERSION = 1;
				DEVELOPMENT_TEAM = N693GNQH6J;
				GENERATE_INFOPLIST_FILE = YES;
				IPHONEOS_DEPLOYMENT_TARGET = 17.6;
				LD_RUNPATH_SEARCH_PATHS = (
					"$(inherited)",
					"@executable_path/Frameworks",
					"@loader_path/Frameworks",
				);
				MARKETING_VERSION = 1.0;
				PRODUCT_BUNDLE_IDENTIFIER = com.nicholasjeria.RickAndMortySwiftUITests;
				PRODUCT_NAME = "$(TARGET_NAME)";
				STRING_CATALOG_GENERATE_SYMBOLS = YES;
				SWIFT_APPROACHABLE_CONCURRENCY = YES;
				SWIFT_DEFAULT_ACTOR_ISOLATION = MainActor;
				SWIFT_EMIT_LOC_STRINGS = NO;
				SWIFT_UPCOMING_FEATURE_MEMBER_IMPORT_VISIBILITY = YES;
				SWIFT_VERSION = 5.0;
				TARGETED_DEVICE_FAMILY = "1,2";
				TEST_HOST = "$(BUILT_PRODUCTS_DIR)/RickAndMortySwiftUI.app/$(BUNDLE_EXECUTABLE_FOLDER_PATH)/RickAndMortySwiftUI";
			};
			name = Release;
		};
/* End XCBuildConfiguration section */

/* Begin XCConfigurationList section */
		03A403BB2EA6540F002DC443 /* Build configuration list for PBXProject "RickAndMortySwiftUI" */ = {
			isa = XCConfigurationList;
			buildConfigurations = (
				03A403C92EA65410002DC443 /* Debug */,
				03A403CA2EA65410002DC443 /* Release */,
			);
			defaultConfigurationIsVisible = 0;
			defaultConfigurationName = Release;
		};
		03A403CB2EA65410002DC443 /* Build configuration list for PBXNativeTarget "RickAndMortySwiftUI" */ = {
			isa = XCConfigurationList;
			buildConfigurations = (
				03A403CC2EA65410002DC443 /* Debug */,
				03A403CD2EA65410002DC443 /* Release */,
			);
			defaultConfigurationIsVisible = 0;
			defaultConfigurationName = Release;
		};
		1B40575EA9DA47F3A651A8F6 /* Build configuration list for PBXNativeTarget "RickAndMortySwiftUITests" */ = {
			isa = XCConfigurationList;
			buildConfigurations = (
				4412E23FE29D458385C534C9 /* Debug */,
				9E387C4B35F64BE69E412589 /* Release */,
			);
			defaultConfigurationIsVisible = 0;
			defaultConfigurationName = Release;
		};
/* End XCConfigurationList section */
	};
	rootObject = 03A403B82EA6540F002DC443 /* Project object */;
}
